{
  "pins" : [
    {
      "identity" : "militarysymbologyassets",
      "kind" : "remoteSourceControl",
      "location" : "https://github.com/sergpryimachuk/MilitarySymbologyAssets",
      "state" : {
        "branch" : "main",
        "revision" : "83038ac5a398e1fff3ef15528a5039e036d874ba"
      }
    },
    {
      "identity" : "militarysymbologykit",
      "kind" : "remoteSourceControl",
      "location" : "https://github.com/sergpryimachuk/militarysymbologykit",
      "state" : {
        "branch" : "main",
        "revision" : "605b223645c4a5f943924b644b98e9e257b7bd32"
      }
    }
  ],
  "version" : 2
}
