{
  "pins" : [
    {
      "identity" : "militarysymbologyassets",
      "kind" : "remoteSourceControl",
      "location" : "https://github.com/sergpryimachuk/MilitarySymbologyAssets",
      "state" : {
        "branch" : "main",
        "revision" : "99e19716e43d6cead9017310864b8ad56969dfdd"
      }
    },
    {
      "identity" : "militarysymbologykit",
      "kind" : "remoteSourceControl",
      "location" : "https://github.com/sergpryimachuk/militarysymbologykit",
      "state" : {
        "branch" : "main",
        "revision" : "59148ae93640d1554f44316507c949315760e045"
      }
    }
  ],
  "version" : 2
}
